{
  "nodes": {
    "nixpkgs": {
      "locked": {
        "lastModified": 1723122493,
        "narHash": "sha256-I/2HStDxC5N1F1sLsIpN3VO6AOhZ+G1vVh+yiVJpCwg=",
        "owner": "volesen",
        "repo": "nixpkgs",
        "rev": "180a635434d4f0e1e38564872ba429853c4235fa",
        "type": "github"
      },
      "original": {
        "owner": "volesen",
        "repo": "nixpkgs",
        "type": "github"
      }
    },
    "root": {
      "inputs": {
        "nixpkgs": "nixpkgs"
      }
    }
  },
  "root": "root",
  "version": 7
}
